
Microsoft Visual Studio Solution File, Format Version 12.00
# Visual Studio 15
VisualStudioVersion = 15.0.26206.0
MinimumVisualStudioVersion = 10.0.40219.1
Project("{FAE04EC0-301F-11D3-BF4B-00C04F79EFBC}") = "SignApk", "SignApk\SignApk.csproj", "{742F6259-B90B-4565-8054-19B293C32EF0}"
EndProject
Project("{FAE04EC0-301F-11D3-BF4B-00C04F79EFBC}") = "SignApk.Sample", "SignApk.Sample\SignApk.Sample.csproj", "{B4FAB753-3248-44C5-944E-AE1BDE292352}"
EndProject
Global
	GlobalSection(SolutionConfigurationPlatforms) = preSolution
		Debug|Any CPU = Debug|Any CPU
		Release|Any CPU = Release|Any CPU
	EndGlobalSection
	GlobalSection(ProjectConfigurationPlatforms) = postSolution
		{742F6259-B90B-4565-8054-19B293C32EF0}.Debug|Any CPU.ActiveCfg = Debug|Any CPU
		{742F6259-B90B-4565-8054-19B293C32EF0}.Debug|Any CPU.Build.0 = Debug|Any CPU
		{742F6259-B90B-4565-8054-19B293C32EF0}.Release|Any CPU.ActiveCfg = Release|Any CPU
		{742F6259-B90B-4565-8054-19B293C32EF0}.Release|Any CPU.Build.0 = Release|Any CPU
		{B4FAB753-3248-44C5-944E-AE1BDE292352}.Debug|Any CPU.ActiveCfg = Debug|Any CPU
		{B4FAB753-3248-44C5-944E-AE1BDE292352}.Debug|Any CPU.Build.0 = Debug|Any CPU
		{B4FAB753-3248-44C5-944E-AE1BDE292352}.Release|Any CPU.ActiveCfg = Release|Any CPU
		{B4FAB753-3248-44C5-944E-AE1BDE292352}.Release|Any CPU.Build.0 = Release|Any CPU
	EndGlobalSection
	GlobalSection(SolutionProperties) = preSolution
		HideSolutionNode = FALSE
	EndGlobalSection
EndGlobal
